// !$*UTF8*$!
{
	archiveVersion = 1;
	classes = {
	};
	objectVersion = 52;
	objects = {

/* Begin PBXBuildFile section */
		243B4BFA24F1318900D3601E /* RoundButton.swift in Sources */ = {isa = PBXBuildFile; fileRef = 243B4BF924F1318900D3601E /* RoundButton.swift */; };
		24656D8724F577A900F9D288 /* PoseBuilder.swift in Sources */ = {isa = PBXBuildFile; fileRef = 24656D8624F577A900F9D288 /* PoseBuilder.swift */; };
		24656D8A24F57A8000F9D288 /* AppUtility.swift in Sources */ = {isa = PBXBuildFile; fileRef = 24656D8924F57A8000F9D288 /* AppUtility.swift */; };
		24656D8C24F66CC400F9D288 /* PoseBuilderConfiguration.swift in Sources */ = {isa = PBXBuildFile; fileRef = 24656D8B24F66CC400F9D288 /* PoseBuilderConfiguration.swift */; };
		24656D8F24F675B100F9D288 /* PoseBuilderExtensionSingle.swift in Sources */ = {isa = PBXBuildFile; fileRef = 24656D8E24F675B100F9D288 /* PoseBuilderExtensionSingle.swift */; };
		24656D9124F6BAFA00F9D288 /* PoseBuilderExtensionsMultiple.swift in Sources */ = {isa = PBXBuildFile; fileRef = 24656D9024F6BAFA00F9D288 /* PoseBuilderExtensionsMultiple.swift */; };
		24656D9324F7CE8600F9D288 /* VideoCaptureUtility.swift in Sources */ = {isa = PBXBuildFile; fileRef = 24656D9224F7CE8600F9D288 /* VideoCaptureUtility.swift */; };
		24656D9624F803BC00F9D288 /* BluetoothHelper.swift in Sources */ = {isa = PBXBuildFile; fileRef = 24656D9524F803BC00F9D288 /* BluetoothHelper.swift */; };
		24656D9C24F90AF600F9D288 /* VideoCaptureViewController.swift in Sources */ = {isa = PBXBuildFile; fileRef = 24656D9B24F90AF500F9D288 /* VideoCaptureViewController.swift */; };
		24656D9E24F90B0400F9D288 /* VideoCaptureViewModel.swift in Sources */ = {isa = PBXBuildFile; fileRef = 24656D9D24F90B0400F9D288 /* VideoCaptureViewModel.swift */; };
		24656DA024F90D8700F9D288 /* MainOptionsViewModel.swift in Sources */ = {isa = PBXBuildFile; fileRef = 24656D9F24F90D8700F9D288 /* MainOptionsViewModel.swift */; };
		2469EB0A2556BB1D00373B13 /* SettingsViewModelTests.swift in Sources */ = {isa = PBXBuildFile; fileRef = 2469EB092556BB1D00373B13 /* SettingsViewModelTests.swift */; };
		247073A7251F7548002CA0D6 /* SettingsCell.xib in Resources */ = {isa = PBXBuildFile; fileRef = 247073A6251F7548002CA0D6 /* SettingsCell.xib */; };
		247073A9251F75FB002CA0D6 /* SettingsCell.swift in Sources */ = {isa = PBXBuildFile; fileRef = 247073A8251F75FB002CA0D6 /* SettingsCell.swift */; };
		24873CE124FCF2B5008E0D7A /* SettingsViewController.swift in Sources */ = {isa = PBXBuildFile; fileRef = 24873CE024FCF2B5008E0D7A /* SettingsViewController.swift */; };
		24873CE424FCF9BA008E0D7A /* VideoCaptureUtilityExtension.swift in Sources */ = {isa = PBXBuildFile; fileRef = 24873CE324FCF9BA008E0D7A /* VideoCaptureUtilityExtension.swift */; };
		24873CE624FD2619008E0D7A /* AVCaptureVideoOrientation.swift in Sources */ = {isa = PBXBuildFile; fileRef = 24873CE524FD2619008E0D7A /* AVCaptureVideoOrientation.swift */; };
		2490FB45263EE3D20020DE2A /* AnalysisViewController.swift in Sources */ = {isa = PBXBuildFile; fileRef = 2490FB44263EE3D20020DE2A /* AnalysisViewController.swift */; };
		2490FB49263EE3DF0020DE2A /* AnalysisViewModel.swift in Sources */ = {isa = PBXBuildFile; fileRef = 2490FB48263EE3DF0020DE2A /* AnalysisViewModel.swift */; };
		2493D976263EDCAF0097E15A /* VideoCaptureViewController+Extensions.swift in Sources */ = {isa = PBXBuildFile; fileRef = 2493D975263EDCAF0097E15A /* VideoCaptureViewController+Extensions.swift */; };
		249BD4DD27F31D1900D51846 /* SettingsView.swift in Sources */ = {isa = PBXBuildFile; fileRef = 249BD4DC27F31D1900D51846 /* SettingsView.swift */; };
		249BD4E027F31F5B00D51846 /* TinyConstraints in Frameworks */ = {isa = PBXBuildFile; productRef = 249BD4DF27F31F5B00D51846 /* TinyConstraints */; };
		24B834DF24F1245900D8F3A2 /* MainOptionsViewController.swift in Sources */ = {isa = PBXBuildFile; fileRef = 24B834DE24F1245900D8F3A2 /* MainOptionsViewController.swift */; };
		24C2FA082556BDE000B00E99 /* MockCoordinator.swift in Sources */ = {isa = PBXBuildFile; fileRef = 24C2FA072556BDE000B00E99 /* MockCoordinator.swift */; };
		24C2FA0E2556BE1900B00E99 /* MockViewController.swift in Sources */ = {isa = PBXBuildFile; fileRef = 24C2FA0D2556BE1900B00E99 /* MockViewController.swift */; };
		24E9A91E27F323CC00147348 /* CombineExtensions.swift in Sources */ = {isa = PBXBuildFile; fileRef = 24E9A91D27F323CC00147348 /* CombineExtensions.swift */; };
		24E9A92027F323F200147348 /* UiControlSubscriptions.swift in Sources */ = {isa = PBXBuildFile; fileRef = 24E9A91F27F323F200147348 /* UiControlSubscriptions.swift */; };
		24F71C7924FD7440007D3733 /* SettingsViewModel.swift in Sources */ = {isa = PBXBuildFile; fileRef = 24F71C7824FD7440007D3733 /* SettingsViewModel.swift */; };
		24F71C7B24FD7551007D3733 /* Settings.swift in Sources */ = {isa = PBXBuildFile; fileRef = 24F71C7A24FD7551007D3733 /* Settings.swift */; };
		24F71CCA24FE3596007D3733 /* BaseCoordinatorTests.swift in Sources */ = {isa = PBXBuildFile; fileRef = 24F71CC924FE3596007D3733 /* BaseCoordinatorTests.swift */; };
		24F71CCF25051F11007D3733 /* PoseImageView.swift in Sources */ = {isa = PBXBuildFile; fileRef = 24F71CCE25051F11007D3733 /* PoseImageView.swift */; };
		EA9049B624E136A7009437B8 /* AppDelegate.swift in Sources */ = {isa = PBXBuildFile; fileRef = EA9049B524E136A7009437B8 /* AppDelegate.swift */; };
		EA9049BD24E136A7009437B8 /* Main.storyboard in Resources */ = {isa = PBXBuildFile; fileRef = EA9049BB24E136A7009437B8 /* Main.storyboard */; };
		EA9049BF24E136A9009437B8 /* Assets.xcassets in Resources */ = {isa = PBXBuildFile; fileRef = EA9049BE24E136A9009437B8 /* Assets.xcassets */; };
		EA9049C224E136A9009437B8 /* LaunchScreen.storyboard in Resources */ = {isa = PBXBuildFile; fileRef = EA9049C024E136A9009437B8 /* LaunchScreen.storyboard */; };
		EA9049CC24E136F3009437B8 /* Joints.swift in Sources */ = {isa = PBXBuildFile; fileRef = EA9049CB24E136F3009437B8 /* Joints.swift */; };
		EA9049D124E13977009437B8 /* PoseNetModel.swift in Sources */ = {isa = PBXBuildFile; fileRef = EA9049D024E13977009437B8 /* PoseNetModel.swift */; };
		EA9049D324E28A54009437B8 /* PoseNetInput.swift in Sources */ = {isa = PBXBuildFile; fileRef = EA9049D224E28A54009437B8 /* PoseNetInput.swift */; };
		EA9049D524E28A63009437B8 /* PoseNetOutput.swift in Sources */ = {isa = PBXBuildFile; fileRef = EA9049D424E28A63009437B8 /* PoseNetOutput.swift */; };
		EA9049D924E291D6009437B8 /* MLFeatureProviderExtensions.swift in Sources */ = {isa = PBXBuildFile; fileRef = EA9049D824E291D6009437B8 /* MLFeatureProviderExtensions.swift */; };
		EA9049DD24E2972D009437B8 /* PoseNetMobileNet075S16FP16.mlmodel in Sources */ = {isa = PBXBuildFile; fileRef = EA9049DC24E2972D009437B8 /* PoseNetMobileNet075S16FP16.mlmodel */; };
		EA9049DF24E29782009437B8 /* PoseNetOutputExtensions.swift in Sources */ = {isa = PBXBuildFile; fileRef = EA9049DE24E29782009437B8 /* PoseNetOutputExtensions.swift */; };
		EA9049E424EBC812009437B8 /* ModeledViewController.swift in Sources */ = {isa = PBXBuildFile; fileRef = EA9049E324EBC812009437B8 /* ModeledViewController.swift */; };
		EA9049E624EBC84F009437B8 /* ViewModel.swift in Sources */ = {isa = PBXBuildFile; fileRef = EA9049E524EBC84F009437B8 /* ViewModel.swift */; };
		EA9049E824EBC972009437B8 /* BaseCoordinator.swift in Sources */ = {isa = PBXBuildFile; fileRef = EA9049E724EBC972009437B8 /* BaseCoordinator.swift */; };
		EA9049EB24EBCB97009437B8 /* BaseCoordinatorExtensions.swift in Sources */ = {isa = PBXBuildFile; fileRef = EA9049EA24EBCB97009437B8 /* BaseCoordinatorExtensions.swift */; };
		EA9049ED24EBD08D009437B8 /* CustomNavController.swift in Sources */ = {isa = PBXBuildFile; fileRef = EA9049EC24EBD08D009437B8 /* CustomNavController.swift */; };
		EA9049EF24EBDAF2009437B8 /* AppCoordinator.swift in Sources */ = {isa = PBXBuildFile; fileRef = EA9049EE24EBDAF2009437B8 /* AppCoordinator.swift */; };
		EA9049F124EFB32D009437B8 /* StoryboardLoadedViewController.swift in Sources */ = {isa = PBXBuildFile; fileRef = EA9049F024EFB32D009437B8 /* StoryboardLoadedViewController.swift */; };
		EA9049F624EFC047009437B8 /* CGImageExtensions.swift in Sources */ = {isa = PBXBuildFile; fileRef = EA9049F524EFC047009437B8 /* CGImageExtensions.swift */; };
		EA9049F824EFC065009437B8 /* MLMultiArrayExtensions.swift in Sources */ = {isa = PBXBuildFile; fileRef = EA9049F724EFC065009437B8 /* MLMultiArrayExtensions.swift */; };
		EA9049FA24EFC0BE009437B8 /* CGPointExtensions.swift in Sources */ = {isa = PBXBuildFile; fileRef = EA9049F924EFC0BE009437B8 /* CGPointExtensions.swift */; };
		EA9049FC24EFCA51009437B8 /* Pose.swift in Sources */ = {isa = PBXBuildFile; fileRef = EA9049FB24EFCA51009437B8 /* Pose.swift */; };
/* End PBXBuildFile section */

/* Begin PBXContainerItemProxy section */
		24F71CC424FE3570007D3733 /* PBXContainerItemProxy */ = {
			isa = PBXContainerItemProxy;
			containerPortal = EA9049AA24E136A7009437B8 /* Project object */;
			proxyType = 1;
			remoteGlobalIDString = EA9049B124E136A7009437B8;
			remoteInfo = RowingPostureApp;
		};
/* End PBXContainerItemProxy section */

/* Begin PBXFileReference section */
		243B4BF924F1318900D3601E /* RoundButton.swift */ = {isa = PBXFileReference; lastKnownFileType = sourcecode.swift; path = RoundButton.swift; sourceTree = "<group>"; };
		24656D8624F577A900F9D288 /* PoseBuilder.swift */ = {isa = PBXFileReference; lastKnownFileType = sourcecode.swift; path = PoseBuilder.swift; sourceTree = "<group>"; };
		24656D8924F57A8000F9D288 /* AppUtility.swift */ = {isa = PBXFileReference; lastKnownFileType = sourcecode.swift; path = AppUtility.swift; sourceTree = "<group>"; };
		24656D8B24F66CC400F9D288 /* PoseBuilderConfiguration.swift */ = {isa = PBXFileReference; lastKnownFileType = sourcecode.swift; path = PoseBuilderConfiguration.swift; sourceTree = "<group>"; };
		24656D8E24F675B100F9D288 /* PoseBuilderExtensionSingle.swift */ = {isa = PBXFileReference; lastKnownFileType = sourcecode.swift; path = PoseBuilderExtensionSingle.swift; sourceTree = "<group>"; };
		24656D9024F6BAFA00F9D288 /* PoseBuilderExtensionsMultiple.swift */ = {isa = PBXFileReference; lastKnownFileType = sourcecode.swift; path = PoseBuilderExtensionsMultiple.swift; sourceTree = "<group>"; };
		24656D9224F7CE8600F9D288 /* VideoCaptureUtility.swift */ = {isa = PBXFileReference; lastKnownFileType = sourcecode.swift; path = VideoCaptureUtility.swift; sourceTree = "<group>"; };
		24656D9524F803BC00F9D288 /* BluetoothHelper.swift */ = {isa = PBXFileReference; lastKnownFileType = sourcecode.swift; path = BluetoothHelper.swift; sourceTree = "<group>"; };
		24656D9B24F90AF500F9D288 /* VideoCaptureViewController.swift */ = {isa = PBXFileReference; lastKnownFileType = sourcecode.swift; path = VideoCaptureViewController.swift; sourceTree = "<group>"; };
		24656D9D24F90B0400F9D288 /* VideoCaptureViewModel.swift */ = {isa = PBXFileReference; lastKnownFileType = sourcecode.swift; path = VideoCaptureViewModel.swift; sourceTree = "<group>"; };
		24656D9F24F90D8700F9D288 /* MainOptionsViewModel.swift */ = {isa = PBXFileReference; lastKnownFileType = sourcecode.swift; path = MainOptionsViewModel.swift; sourceTree = "<group>"; };
		2469EB092556BB1D00373B13 /* SettingsViewModelTests.swift */ = {isa = PBXFileReference; lastKnownFileType = sourcecode.swift; path = SettingsViewModelTests.swift; sourceTree = "<group>"; };
		247073A6251F7548002CA0D6 /* SettingsCell.xib */ = {isa = PBXFileReference; lastKnownFileType = file.xib; path = SettingsCell.xib; sourceTree = "<group>"; };
		247073A8251F75FB002CA0D6 /* SettingsCell.swift */ = {isa = PBXFileReference; lastKnownFileType = sourcecode.swift; path = SettingsCell.swift; sourceTree = "<group>"; };
		24873CE024FCF2B5008E0D7A /* SettingsViewController.swift */ = {isa = PBXFileReference; lastKnownFileType = sourcecode.swift; path = SettingsViewController.swift; sourceTree = "<group>"; };
		24873CE324FCF9BA008E0D7A /* VideoCaptureUtilityExtension.swift */ = {isa = PBXFileReference; lastKnownFileType = sourcecode.swift; path = VideoCaptureUtilityExtension.swift; sourceTree = "<group>"; };
		24873CE524FD2619008E0D7A /* AVCaptureVideoOrientation.swift */ = {isa = PBXFileReference; lastKnownFileType = sourcecode.swift; path = AVCaptureVideoOrientation.swift; sourceTree = "<group>"; };
		2490FB44263EE3D20020DE2A /* AnalysisViewController.swift */ = {isa = PBXFileReference; lastKnownFileType = sourcecode.swift; path = AnalysisViewController.swift; sourceTree = "<group>"; };
		2490FB48263EE3DF0020DE2A /* AnalysisViewModel.swift */ = {isa = PBXFileReference; lastKnownFileType = sourcecode.swift; path = AnalysisViewModel.swift; sourceTree = "<group>"; };
		2493D975263EDCAF0097E15A /* VideoCaptureViewController+Extensions.swift */ = {isa = PBXFileReference; lastKnownFileType = sourcecode.swift; path = "VideoCaptureViewController+Extensions.swift"; sourceTree = "<group>"; };
		249BD4DC27F31D1900D51846 /* SettingsView.swift */ = {isa = PBXFileReference; lastKnownFileType = sourcecode.swift; path = SettingsView.swift; sourceTree = "<group>"; };
		24B834DE24F1245900D8F3A2 /* MainOptionsViewController.swift */ = {isa = PBXFileReference; lastKnownFileType = sourcecode.swift; path = MainOptionsViewController.swift; sourceTree = "<group>"; };
		24C2FA072556BDE000B00E99 /* MockCoordinator.swift */ = {isa = PBXFileReference; lastKnownFileType = sourcecode.swift; path = MockCoordinator.swift; sourceTree = "<group>"; };
		24C2FA0D2556BE1900B00E99 /* MockViewController.swift */ = {isa = PBXFileReference; lastKnownFileType = sourcecode.swift; path = MockViewController.swift; sourceTree = "<group>"; };
		24E9A91D27F323CC00147348 /* CombineExtensions.swift */ = {isa = PBXFileReference; lastKnownFileType = sourcecode.swift; path = CombineExtensions.swift; sourceTree = "<group>"; };
		24E9A91F27F323F200147348 /* UiControlSubscriptions.swift */ = {isa = PBXFileReference; lastKnownFileType = sourcecode.swift; path = UiControlSubscriptions.swift; sourceTree = "<group>"; };
		24F71C7824FD7440007D3733 /* SettingsViewModel.swift */ = {isa = PBXFileReference; lastKnownFileType = sourcecode.swift; path = SettingsViewModel.swift; sourceTree = "<group>"; };
		24F71C7A24FD7551007D3733 /* Settings.swift */ = {isa = PBXFileReference; lastKnownFileType = sourcecode.swift; path = Settings.swift; sourceTree = "<group>"; };
		24F71CBF24FE3570007D3733 /* RowingPostureAppTests.xctest */ = {isa = PBXFileReference; explicitFileType = wrapper.cfbundle; includeInIndex = 0; path = RowingPostureAppTests.xctest; sourceTree = BUILT_PRODUCTS_DIR; };
		24F71CC324FE3570007D3733 /* Info.plist */ = {isa = PBXFileReference; lastKnownFileType = text.plist.xml; path = Info.plist; sourceTree = "<group>"; };
		24F71CC924FE3596007D3733 /* BaseCoordinatorTests.swift */ = {isa = PBXFileReference; lastKnownFileType = sourcecode.swift; path = BaseCoordinatorTests.swift; sourceTree = "<group>"; };
		24F71CCE25051F11007D3733 /* PoseImageView.swift */ = {isa = PBXFileReference; lastKnownFileType = sourcecode.swift; path = PoseImageView.swift; sourceTree = "<group>"; };
		EA9049B224E136A7009437B8 /* RowingPostureApp.app */ = {isa = PBXFileReference; explicitFileType = wrapper.application; includeInIndex = 0; path = RowingPostureApp.app; sourceTree = BUILT_PRODUCTS_DIR; };
		EA9049B524E136A7009437B8 /* AppDelegate.swift */ = {isa = PBXFileReference; lastKnownFileType = sourcecode.swift; path = AppDelegate.swift; sourceTree = "<group>"; };
		EA9049BC24E136A7009437B8 /* Base */ = {isa = PBXFileReference; lastKnownFileType = file.storyboard; name = Base; path = Base.lproj/Main.storyboard; sourceTree = "<group>"; };
		EA9049BE24E136A9009437B8 /* Assets.xcassets */ = {isa = PBXFileReference; lastKnownFileType = folder.assetcatalog; path = Assets.xcassets; sourceTree = "<group>"; };
		EA9049C124E136A9009437B8 /* Base */ = {isa = PBXFileReference; lastKnownFileType = file.storyboard; name = Base; path = Base.lproj/LaunchScreen.storyboard; sourceTree = "<group>"; };
		EA9049C324E136A9009437B8 /* Info.plist */ = {isa = PBXFileReference; lastKnownFileType = text.plist.xml; path = Info.plist; sourceTree = "<group>"; };
		EA9049CB24E136F3009437B8 /* Joints.swift */ = {isa = PBXFileReference; lastKnownFileType = sourcecode.swift; path = Joints.swift; sourceTree = "<group>"; };
		EA9049D024E13977009437B8 /* PoseNetModel.swift */ = {isa = PBXFileReference; lastKnownFileType = sourcecode.swift; path = PoseNetModel.swift; sourceTree = "<group>"; };
		EA9049D224E28A54009437B8 /* PoseNetInput.swift */ = {isa = PBXFileReference; lastKnownFileType = sourcecode.swift; path = PoseNetInput.swift; sourceTree = "<group>"; };
		EA9049D424E28A63009437B8 /* PoseNetOutput.swift */ = {isa = PBXFileReference; lastKnownFileType = sourcecode.swift; path = PoseNetOutput.swift; sourceTree = "<group>"; };
		EA9049D624E28BEA009437B8 /* README.md */ = {isa = PBXFileReference; lastKnownFileType = net.daringfireball.markdown; path = README.md; sourceTree = "<group>"; };
		EA9049D824E291D6009437B8 /* MLFeatureProviderExtensions.swift */ = {isa = PBXFileReference; lastKnownFileType = sourcecode.swift; path = MLFeatureProviderExtensions.swift; sourceTree = "<group>"; };
		EA9049DC24E2972D009437B8 /* PoseNetMobileNet075S16FP16.mlmodel */ = {isa = PBXFileReference; lastKnownFileType = file.mlmodel; path = PoseNetMobileNet075S16FP16.mlmodel; sourceTree = "<group>"; };
		EA9049DE24E29782009437B8 /* PoseNetOutputExtensions.swift */ = {isa = PBXFileReference; lastKnownFileType = sourcecode.swift; path = PoseNetOutputExtensions.swift; sourceTree = "<group>"; };
		EA9049E324EBC812009437B8 /* ModeledViewController.swift */ = {isa = PBXFileReference; lastKnownFileType = sourcecode.swift; path = ModeledViewController.swift; sourceTree = "<group>"; };
		EA9049E524EBC84F009437B8 /* ViewModel.swift */ = {isa = PBXFileReference; lastKnownFileType = sourcecode.swift; path = ViewModel.swift; sourceTree = "<group>"; };
		EA9049E724EBC972009437B8 /* BaseCoordinator.swift */ = {isa = PBXFileReference; lastKnownFileType = sourcecode.swift; path = BaseCoordinator.swift; sourceTree = "<group>"; };
		EA9049EA24EBCB97009437B8 /* BaseCoordinatorExtensions.swift */ = {isa = PBXFileReference; lastKnownFileType = sourcecode.swift; path = BaseCoordinatorExtensions.swift; sourceTree = "<group>"; };
		EA9049EC24EBD08D009437B8 /* CustomNavController.swift */ = {isa = PBXFileReference; lastKnownFileType = sourcecode.swift; path = CustomNavController.swift; sourceTree = "<group>"; };
		EA9049EE24EBDAF2009437B8 /* AppCoordinator.swift */ = {isa = PBXFileReference; lastKnownFileType = sourcecode.swift; path = AppCoordinator.swift; sourceTree = "<group>"; };
		EA9049F024EFB32D009437B8 /* StoryboardLoadedViewController.swift */ = {isa = PBXFileReference; lastKnownFileType = sourcecode.swift; path = StoryboardLoadedViewController.swift; sourceTree = "<group>"; };
		EA9049F524EFC047009437B8 /* CGImageExtensions.swift */ = {isa = PBXFileReference; lastKnownFileType = sourcecode.swift; path = CGImageExtensions.swift; sourceTree = "<group>"; };
		EA9049F724EFC065009437B8 /* MLMultiArrayExtensions.swift */ = {isa = PBXFileReference; lastKnownFileType = sourcecode.swift; path = MLMultiArrayExtensions.swift; sourceTree = "<group>"; };
		EA9049F924EFC0BE009437B8 /* CGPointExtensions.swift */ = {isa = PBXFileReference; lastKnownFileType = sourcecode.swift; path = CGPointExtensions.swift; sourceTree = "<group>"; };
		EA9049FB24EFCA51009437B8 /* Pose.swift */ = {isa = PBXFileReference; lastKnownFileType = sourcecode.swift; path = Pose.swift; sourceTree = "<group>"; };
/* End PBXFileReference section */

/* Begin PBXFrameworksBuildPhase section */
		24F71CBC24FE3570007D3733 /* Frameworks */ = {
			isa = PBXFrameworksBuildPhase;
			buildActionMask = 2147483647;
			files = (
			);
			runOnlyForDeploymentPostprocessing = 0;
		};
		EA9049AF24E136A7009437B8 /* Frameworks */ = {
			isa = PBXFrameworksBuildPhase;
			buildActionMask = 2147483647;
			files = (
				249BD4E027F31F5B00D51846 /* TinyConstraints in Frameworks */,
			);
			runOnlyForDeploymentPostprocessing = 0;
		};
/* End PBXFrameworksBuildPhase section */

/* Begin PBXGroup section */
		243B4BF824F1316C00D3601E /* UI Components */ = {
			isa = PBXGroup;
			children = (
				243B4BF924F1318900D3601E /* RoundButton.swift */,
			);
			path = "UI Components";
			sourceTree = "<group>";
		};
		244D392D2510AD5800F1D671 /* Settings Cells */ = {
			isa = PBXGroup;
			children = (
				247073A6251F7548002CA0D6 /* SettingsCell.xib */,
				247073A8251F75FB002CA0D6 /* SettingsCell.swift */,
			);
			path = "Settings Cells";
			sourceTree = "<group>";
		};
		24656D8824F57A6B00F9D288 /* Utilities */ = {
			isa = PBXGroup;
			children = (
				24873CE224FCF8E8008E0D7A /* Extensions */,
				24656D8924F57A8000F9D288 /* AppUtility.swift */,
				24656D9224F7CE8600F9D288 /* VideoCaptureUtility.swift */,
				24E9A91F27F323F200147348 /* UiControlSubscriptions.swift */,
			);
			path = Utilities;
			sourceTree = "<group>";
		};
		24656D8D24F6758B00F9D288 /* PoseBuilderExtensions */ = {
			isa = PBXGroup;
			children = (
				24656D8E24F675B100F9D288 /* PoseBuilderExtensionSingle.swift */,
				24656D9024F6BAFA00F9D288 /* PoseBuilderExtensionsMultiple.swift */,
			);
			path = PoseBuilderExtensions;
			sourceTree = "<group>";
		};
		24656D9424F8034B00F9D288 /* Bluetooth */ = {
			isa = PBXGroup;
			children = (
				24656D9524F803BC00F9D288 /* BluetoothHelper.swift */,
			);
			path = Bluetooth;
			sourceTree = "<group>";
		};
		24656D9924F90AD300F9D288 /* Video Capture */ = {
			isa = PBXGroup;
			children = (
				2493D974263EDC8A0097E15A /* Video Capture + Extensions */,
				24656D9B24F90AF500F9D288 /* VideoCaptureViewController.swift */,
				24656D9D24F90B0400F9D288 /* VideoCaptureViewModel.swift */,
				24F71CCE25051F11007D3733 /* PoseImageView.swift */,
			);
			path = "Video Capture";
			sourceTree = "<group>";
		};
		2469EB082556BAF700373B13 /* ViewModelTests */ = {
			isa = PBXGroup;
			children = (
				2469EB092556BB1D00373B13 /* SettingsViewModelTests.swift */,
			);
			path = ViewModelTests;
			sourceTree = "<group>";
		};
		2469EB0F2556BB2500373B13 /* CoordinatorNavigationTests */ = {
			isa = PBXGroup;
			children = (
				24F71CC924FE3596007D3733 /* BaseCoordinatorTests.swift */,
			);
			path = CoordinatorNavigationTests;
			sourceTree = "<group>";
		};
		24873CDF24FCF29E008E0D7A /* Settings */ = {
			isa = PBXGroup;
			children = (
				244D392D2510AD5800F1D671 /* Settings Cells */,
				24873CE024FCF2B5008E0D7A /* SettingsViewController.swift */,
				24F71C7824FD7440007D3733 /* SettingsViewModel.swift */,
				249BD4DC27F31D1900D51846 /* SettingsView.swift */,
			);
			path = Settings;
			sourceTree = "<group>";
		};
		24873CE224FCF8E8008E0D7A /* Extensions */ = {
			isa = PBXGroup;
			children = (
				24873CE324FCF9BA008E0D7A /* VideoCaptureUtilityExtension.swift */,
				24873CE524FD2619008E0D7A /* AVCaptureVideoOrientation.swift */,
				24E9A91D27F323CC00147348 /* CombineExtensions.swift */,
			);
			path = Extensions;
			sourceTree = "<group>";
		};
		2490FB43263EE3B90020DE2A /* Analysis View */ = {
			isa = PBXGroup;
			children = (
				2490FB44263EE3D20020DE2A /* AnalysisViewController.swift */,
				2490FB48263EE3DF0020DE2A /* AnalysisViewModel.swift */,
			);
			path = "Analysis View";
			sourceTree = "<group>";
		};
		2493D974263EDC8A0097E15A /* Video Capture + Extensions */ = {
			isa = PBXGroup;
			children = (
				2493D975263EDCAF0097E15A /* VideoCaptureViewController+Extensions.swift */,
			);
			path = "Video Capture + Extensions";
			sourceTree = "<group>";
		};
		24B2095F263EDF65003A90E9 /* Storyboards */ = {
			isa = PBXGroup;
			children = (
				EA9049BB24E136A7009437B8 /* Main.storyboard */,
			);
			path = Storyboards;
			sourceTree = "<group>";
		};
		24B834DD24F1244A00D8F3A2 /* Main Options */ = {
			isa = PBXGroup;
			children = (
				24B834DE24F1245900D8F3A2 /* MainOptionsViewController.swift */,
				24656D9F24F90D8700F9D288 /* MainOptionsViewModel.swift */,
			);
			path = "Main Options";
			sourceTree = "<group>";
		};
		24C2FA062556BDD100B00E99 /* Mocks */ = {
			isa = PBXGroup;
			children = (
				24C2FA072556BDE000B00E99 /* MockCoordinator.swift */,
				24C2FA0D2556BE1900B00E99 /* MockViewController.swift */,
			);
			path = Mocks;
			sourceTree = "<group>";
		};
		24F71CC024FE3570007D3733 /* RowingPostureAppTests */ = {
			isa = PBXGroup;
			children = (
				24C2FA062556BDD100B00E99 /* Mocks */,
				2469EB0F2556BB2500373B13 /* CoordinatorNavigationTests */,
				2469EB082556BAF700373B13 /* ViewModelTests */,
				24F71CC324FE3570007D3733 /* Info.plist */,
			);
			path = RowingPostureAppTests;
			sourceTree = "<group>";
		};
		EA9049A924E136A7009437B8 = {
			isa = PBXGroup;
			children = (
				EA9049D624E28BEA009437B8 /* README.md */,
				EA9049B424E136A7009437B8 /* RowingPostureApp */,
				24F71CC024FE3570007D3733 /* RowingPostureAppTests */,
				EA9049B324E136A7009437B8 /* Products */,
			);
			sourceTree = "<group>";
		};
		EA9049B324E136A7009437B8 /* Products */ = {
			isa = PBXGroup;
			children = (
				EA9049B224E136A7009437B8 /* RowingPostureApp.app */,
				24F71CBF24FE3570007D3733 /* RowingPostureAppTests.xctest */,
			);
			name = Products;
			sourceTree = "<group>";
		};
		EA9049B424E136A7009437B8 /* RowingPostureApp */ = {
			isa = PBXGroup;
			children = (
				24B2095F263EDF65003A90E9 /* Storyboards */,
				24656D9424F8034B00F9D288 /* Bluetooth */,
				24656D8824F57A6B00F9D288 /* Utilities */,
				EA9049F224EFBBF6009437B8 /* CGExtensions */,
				EA9049E024EBC74B009437B8 /* UI */,
				EA9049CD24E13815009437B8 /* CoreMLModel */,
				EA9049CA24E136DF009437B8 /* Body Position */,
				EA9049B524E136A7009437B8 /* AppDelegate.swift */,
				EA9049BE24E136A9009437B8 /* Assets.xcassets */,
				EA9049C024E136A9009437B8 /* LaunchScreen.storyboard */,
				EA9049C324E136A9009437B8 /* Info.plist */,
			);
			path = RowingPostureApp;
			sourceTree = "<group>";
		};
		EA9049C924E136C0009437B8 /* View Controllers */ = {
			isa = PBXGroup;
			children = (
				2490FB43263EE3B90020DE2A /* Analysis View */,
				24873CDF24FCF29E008E0D7A /* Settings */,
				24656D9924F90AD300F9D288 /* Video Capture */,
				24B834DD24F1244A00D8F3A2 /* Main Options */,
			);
			path = "View Controllers";
			sourceTree = "<group>";
		};
		EA9049CA24E136DF009437B8 /* Body Position */ = {
			isa = PBXGroup;
			children = (
				24656D8D24F6758B00F9D288 /* PoseBuilderExtensions */,
				EA9049CB24E136F3009437B8 /* Joints.swift */,
				EA9049FB24EFCA51009437B8 /* Pose.swift */,
				24656D8624F577A900F9D288 /* PoseBuilder.swift */,
				24656D8B24F66CC400F9D288 /* PoseBuilderConfiguration.swift */,
				24F71C7A24FD7551007D3733 /* Settings.swift */,
			);
			path = "Body Position";
			sourceTree = "<group>";
		};
		EA9049CD24E13815009437B8 /* CoreMLModel */ = {
			isa = PBXGroup;
			children = (
				EA9049D724E291B5009437B8 /* CoreMLExtensions */,
				EA9049D024E13977009437B8 /* PoseNetModel.swift */,
				EA9049DC24E2972D009437B8 /* PoseNetMobileNet075S16FP16.mlmodel */,
				EA9049D224E28A54009437B8 /* PoseNetInput.swift */,
				EA9049D424E28A63009437B8 /* PoseNetOutput.swift */,
			);
			path = CoreMLModel;
			sourceTree = "<group>";
		};
		EA9049D724E291B5009437B8 /* CoreMLExtensions */ = {
			isa = PBXGroup;
			children = (
				EA9049D824E291D6009437B8 /* MLFeatureProviderExtensions.swift */,
				EA9049DE24E29782009437B8 /* PoseNetOutputExtensions.swift */,
				EA9049F724EFC065009437B8 /* MLMultiArrayExtensions.swift */,
			);
			path = CoreMLExtensions;
			sourceTree = "<group>";
		};
		EA9049E024EBC74B009437B8 /* UI */ = {
			isa = PBXGroup;
			children = (
				EA9049E224EBC7BA009437B8 /* Components */,
				EA9049E124EBC754009437B8 /* Coordinators */,
				EA9049C924E136C0009437B8 /* View Controllers */,
			);
			path = UI;
			sourceTree = "<group>";
		};
		EA9049E124EBC754009437B8 /* Coordinators */ = {
			isa = PBXGroup;
			children = (
				EA9049E924EBCB80009437B8 /* Extensions */,
				EA9049E724EBC972009437B8 /* BaseCoordinator.swift */,
				EA9049EE24EBDAF2009437B8 /* AppCoordinator.swift */,
			);
			path = Coordinators;
			sourceTree = "<group>";
		};
		EA9049E224EBC7BA009437B8 /* Components */ = {
			isa = PBXGroup;
			children = (
				243B4BF824F1316C00D3601E /* UI Components */,
				EA9049E324EBC812009437B8 /* ModeledViewController.swift */,
				EA9049E524EBC84F009437B8 /* ViewModel.swift */,
				EA9049EC24EBD08D009437B8 /* CustomNavController.swift */,
				EA9049F024EFB32D009437B8 /* StoryboardLoadedViewController.swift */,
			);
			path = Components;
			sourceTree = "<group>";
		};
		EA9049E924EBCB80009437B8 /* Extensions */ = {
			isa = PBXGroup;
			children = (
				EA9049EA24EBCB97009437B8 /* BaseCoordinatorExtensions.swift */,
			);
			path = Extensions;
			sourceTree = "<group>";
		};
		EA9049F224EFBBF6009437B8 /* CGExtensions */ = {
			isa = PBXGroup;
			children = (
				EA9049F524EFC047009437B8 /* CGImageExtensions.swift */,
				EA9049F924EFC0BE009437B8 /* CGPointExtensions.swift */,
			);
			path = CGExtensions;
			sourceTree = "<group>";
		};
/* End PBXGroup section */

/* Begin PBXNativeTarget section */
		24F71CBE24FE3570007D3733 /* RowingPostureAppTests */ = {
			isa = PBXNativeTarget;
			buildConfigurationList = 24F71CC624FE3570007D3733 /* Build configuration list for PBXNativeTarget "RowingPostureAppTests" */;
			buildPhases = (
				24F71CBB24FE3570007D3733 /* Sources */,
				24F71CBC24FE3570007D3733 /* Frameworks */,
				24F71CBD24FE3570007D3733 /* Resources */,
			);
			buildRules = (
			);
			dependencies = (
				24F71CC524FE3570007D3733 /* PBXTargetDependency */,
			);
			name = RowingPostureAppTests;
			productName = RowingPostureAppTests;
			productReference = 24F71CBF24FE3570007D3733 /* RowingPostureAppTests.xctest */;
			productType = "com.apple.product-type.bundle.unit-test";
		};
		EA9049B124E136A7009437B8 /* RowingPostureApp */ = {
			isa = PBXNativeTarget;
			buildConfigurationList = EA9049C624E136A9009437B8 /* Build configuration list for PBXNativeTarget "RowingPostureApp" */;
			buildPhases = (
				EA9049AE24E136A7009437B8 /* Sources */,
				EA9049AF24E136A7009437B8 /* Frameworks */,
				EA9049B024E136A7009437B8 /* Resources */,
			);
			buildRules = (
			);
			dependencies = (
			);
			name = RowingPostureApp;
			packageProductDependencies = (
				249BD4DF27F31F5B00D51846 /* TinyConstraints */,
			);
			productName = RowingPostureApp;
			productReference = EA9049B224E136A7009437B8 /* RowingPostureApp.app */;
			productType = "com.apple.product-type.application";
		};
/* End PBXNativeTarget section */

/* Begin PBXProject section */
		EA9049AA24E136A7009437B8 /* Project object */ = {
			isa = PBXProject;
			attributes = {
				LastSwiftUpdateCheck = 1120;
				LastUpgradeCheck = 1160;
				ORGANIZATIONNAME = xDesign;
				TargetAttributes = {
					24F71CBE24FE3570007D3733 = {
						CreatedOnToolsVersion = 11.2.1;
						TestTargetID = EA9049B124E136A7009437B8;
					};
					EA9049B124E136A7009437B8 = {
						CreatedOnToolsVersion = 11.6;
					};
				};
			};
			buildConfigurationList = EA9049AD24E136A7009437B8 /* Build configuration list for PBXProject "RowingPostureApp" */;
			compatibilityVersion = "Xcode 9.3";
			developmentRegion = en;
			hasScannedForEncodings = 0;
			knownRegions = (
				en,
				Base,
			);
			mainGroup = EA9049A924E136A7009437B8;
			packageReferences = (
				249BD4DE27F31F5B00D51846 /* XCRemoteSwiftPackageReference "TinyConstraints" */,
			);
			productRefGroup = EA9049B324E136A7009437B8 /* Products */;
			projectDirPath = "";
			projectRoot = "";
			targets = (
				EA9049B124E136A7009437B8 /* RowingPostureApp */,
				24F71CBE24FE3570007D3733 /* RowingPostureAppTests */,
			);
		};
/* End PBXProject section */

/* Begin PBXResourcesBuildPhase section */
		24F71CBD24FE3570007D3733 /* Resources */ = {
			isa = PBXResourcesBuildPhase;
			buildActionMask = 2147483647;
			files = (
			);
			runOnlyForDeploymentPostprocessing = 0;
		};
		EA9049B024E136A7009437B8 /* Resources */ = {
			isa = PBXResourcesBuildPhase;
			buildActionMask = 2147483647;
			files = (
				EA9049C224E136A9009437B8 /* LaunchScreen.storyboard in Resources */,
				EA9049BF24E136A9009437B8 /* Assets.xcassets in Resources */,
				247073A7251F7548002CA0D6 /* SettingsCell.xib in Resources */,
				EA9049BD24E136A7009437B8 /* Main.storyboard in Resources */,
			);
			runOnlyForDeploymentPostprocessing = 0;
		};
/* End PBXResourcesBuildPhase section */

/* Begin PBXSourcesBuildPhase section */
		24F71CBB24FE3570007D3733 /* Sources */ = {
			isa = PBXSourcesBuildPhase;
			buildActionMask = 2147483647;
			files = (
				24C2FA0E2556BE1900B00E99 /* MockViewController.swift in Sources */,
				24F71CCA24FE3596007D3733 /* BaseCoordinatorTests.swift in Sources */,
				2469EB0A2556BB1D00373B13 /* SettingsViewModelTests.swift in Sources */,
				24C2FA082556BDE000B00E99 /* MockCoordinator.swift in Sources */,
			);
			runOnlyForDeploymentPostprocessing = 0;
		};
		EA9049AE24E136A7009437B8 /* Sources */ = {
			isa = PBXSourcesBuildPhase;
			buildActionMask = 2147483647;
			files = (
				243B4BFA24F1318900D3601E /* RoundButton.swift in Sources */,
				EA9049EB24EBCB97009437B8 /* BaseCoordinatorExtensions.swift in Sources */,
				24656D8724F577A900F9D288 /* PoseBuilder.swift in Sources */,
				EA9049D924E291D6009437B8 /* MLFeatureProviderExtensions.swift in Sources */,
				EA9049F124EFB32D009437B8 /* StoryboardLoadedViewController.swift in Sources */,
				EA9049F824EFC065009437B8 /* MLMultiArrayExtensions.swift in Sources */,
				24F71C7B24FD7551007D3733 /* Settings.swift in Sources */,
				24656D9124F6BAFA00F9D288 /* PoseBuilderExtensionsMultiple.swift in Sources */,
				24873CE124FCF2B5008E0D7A /* SettingsViewController.swift in Sources */,
				EA9049F624EFC047009437B8 /* CGImageExtensions.swift in Sources */,
				EA9049EF24EBDAF2009437B8 /* AppCoordinator.swift in Sources */,
				24656D8F24F675B100F9D288 /* PoseBuilderExtensionSingle.swift in Sources */,
				24656D9C24F90AF600F9D288 /* VideoCaptureViewController.swift in Sources */,
				EA9049D124E13977009437B8 /* PoseNetModel.swift in Sources */,
				EA9049E424EBC812009437B8 /* ModeledViewController.swift in Sources */,
				EA9049D324E28A54009437B8 /* PoseNetInput.swift in Sources */,
				247073A9251F75FB002CA0D6 /* SettingsCell.swift in Sources */,
				24656D9324F7CE8600F9D288 /* VideoCaptureUtility.swift in Sources */,
				EA9049FA24EFC0BE009437B8 /* CGPointExtensions.swift in Sources */,
				24656DA024F90D8700F9D288 /* MainOptionsViewModel.swift in Sources */,
				24F71CCF25051F11007D3733 /* PoseImageView.swift in Sources */,
				249BD4DD27F31D1900D51846 /* SettingsView.swift in Sources */,
				EA9049B624E136A7009437B8 /* AppDelegate.swift in Sources */,
				24873CE424FCF9BA008E0D7A /* VideoCaptureUtilityExtension.swift in Sources */,
				2490FB49263EE3DF0020DE2A /* AnalysisViewModel.swift in Sources */,
				2493D976263EDCAF0097E15A /* VideoCaptureViewController+Extensions.swift in Sources */,
				24E9A92027F323F200147348 /* UiControlSubscriptions.swift in Sources */,
				24E9A91E27F323CC00147348 /* CombineExtensions.swift in Sources */,
				24F71C7924FD7440007D3733 /* SettingsViewModel.swift in Sources */,
				EA9049E624EBC84F009437B8 /* ViewModel.swift in Sources */,
				EA9049ED24EBD08D009437B8 /* CustomNavController.swift in Sources */,
				24656D9E24F90B0400F9D288 /* VideoCaptureViewModel.swift in Sources */,
				EA9049CC24E136F3009437B8 /* Joints.swift in Sources */,
				24873CE624FD2619008E0D7A /* AVCaptureVideoOrientation.swift in Sources */,
				24B834DF24F1245900D8F3A2 /* MainOptionsViewController.swift in Sources */,
				EA9049FC24EFCA51009437B8 /* Pose.swift in Sources */,
				EA9049D524E28A63009437B8 /* PoseNetOutput.swift in Sources */,
				EA9049DD24E2972D009437B8 /* PoseNetMobileNet075S16FP16.mlmodel in Sources */,
				2490FB45263EE3D20020DE2A /* AnalysisViewController.swift in Sources */,
				24656D8A24F57A8000F9D288 /* AppUtility.swift in Sources */,
				EA9049E824EBC972009437B8 /* BaseCoordinator.swift in Sources */,
				24656D8C24F66CC400F9D288 /* PoseBuilderConfiguration.swift in Sources */,
				24656D9624F803BC00F9D288 /* BluetoothHelper.swift in Sources */,
				EA9049DF24E29782009437B8 /* PoseNetOutputExtensions.swift in Sources */,
			);
			runOnlyForDeploymentPostprocessing = 0;
		};
/* End PBXSourcesBuildPhase section */

/* Begin PBXTargetDependency section */
		24F71CC524FE3570007D3733 /* PBXTargetDependency */ = {
			isa = PBXTargetDependency;
			target = EA9049B124E136A7009437B8 /* RowingPostureApp */;
			targetProxy = 24F71CC424FE3570007D3733 /* PBXContainerItemProxy */;
		};
/* End PBXTargetDependency section */

/* Begin PBXVariantGroup section */
		EA9049BB24E136A7009437B8 /* Main.storyboard */ = {
			isa = PBXVariantGroup;
			children = (
				EA9049BC24E136A7009437B8 /* Base */,
			);
			name = Main.storyboard;
			sourceTree = "<group>";
		};
		EA9049C024E136A9009437B8 /* LaunchScreen.storyboard */ = {
			isa = PBXVariantGroup;
			children = (
				EA9049C124E136A9009437B8 /* Base */,
			);
			name = LaunchScreen.storyboard;
			sourceTree = "<group>";
		};
/* End PBXVariantGroup section */

/* Begin XCBuildConfiguration section */
		24F71CC724FE3570007D3733 /* Debug */ = {
			isa = XCBuildConfiguration;
			buildSettings = {
				BUNDLE_LOADER = "$(TEST_HOST)";
				CODE_SIGN_STYLE = Automatic;
				DEVELOPMENT_TEAM = ZSM2D4RUSA;
				INFOPLIST_FILE = RowingPostureAppTests/Info.plist;
				IPHONEOS_DEPLOYMENT_TARGET = 13.2;
				LD_RUNPATH_SEARCH_PATHS = (
					"$(inherited)",
					"@executable_path/Frameworks",
					"@loader_path/Frameworks",
				);
				PRODUCT_BUNDLE_IDENTIFIER = com.kynan.RowingPostureAppTests;
				PRODUCT_NAME = "$(TARGET_NAME)";
				SWIFT_VERSION = 5.0;
				TARGETED_DEVICE_FAMILY = "1,2";
				TEST_HOST = "$(BUILT_PRODUCTS_DIR)/RowingPostureApp.app/RowingPostureApp";
			};
			name = Debug;
		};
		24F71CC824FE3570007D3733 /* Release */ = {
			isa = XCBuildConfiguration;
			buildSettings = {
				BUNDLE_LOADER = "$(TEST_HOST)";
				CODE_SIGN_STYLE = Automatic;
				DEVELOPMENT_TEAM = ZSM2D4RUSA;
				INFOPLIST_FILE = RowingPostureAppTests/Info.plist;
				IPHONEOS_DEPLOYMENT_TARGET = 13.2;
				LD_RUNPATH_SEARCH_PATHS = (
					"$(inherited)",
					"@executable_path/Frameworks",
					"@loader_path/Frameworks",
				);
				PRODUCT_BUNDLE_IDENTIFIER = com.kynan.RowingPostureAppTests;
				PRODUCT_NAME = "$(TARGET_NAME)";
				SWIFT_VERSION = 5.0;
				TARGETED_DEVICE_FAMILY = "1,2";
				TEST_HOST = "$(BUILT_PRODUCTS_DIR)/RowingPostureApp.app/RowingPostureApp";
			};
			name = Release;
		};
		EA9049C424E136A9009437B8 /* Debug */ = {
			isa = XCBuildConfiguration;
			buildSettings = {
				ALWAYS_SEARCH_USER_PATHS = NO;
				CLANG_ANALYZER_NONNULL = YES;
				CLANG_ANALYZER_NUMBER_OBJECT_CONVERSION = YES_AGGRESSIVE;
				CLANG_CXX_LANGUAGE_STANDARD = "gnu++14";
				CLANG_CXX_LIBRARY = "libc++";
				CLANG_ENABLE_MODULES = YES;
				CLANG_ENABLE_OBJC_ARC = YES;
				CLANG_ENABLE_OBJC_WEAK = YES;
				CLANG_WARN_BLOCK_CAPTURE_AUTORELEASING = YES;
				CLANG_WARN_BOOL_CONVERSION = YES;
				CLANG_WARN_COMMA = YES;
				CLANG_WARN_CONSTANT_CONVERSION = YES;
				CLANG_WARN_DEPRECATED_OBJC_IMPLEMENTATIONS = YES;
				CLANG_WARN_DIRECT_OBJC_ISA_USAGE = YES_ERROR;
				CLANG_WARN_DOCUMENTATION_COMMENTS = YES;
				CLANG_WARN_EMPTY_BODY = YES;
				CLANG_WARN_ENUM_CONVERSION = YES;
				CLANG_WARN_INFINITE_RECURSION = YES;
				CLANG_WARN_INT_CONVERSION = YES;
				CLANG_WARN_NON_LITERAL_NULL_CONVERSION = YES;
				CLANG_WARN_OBJC_IMPLICIT_RETAIN_SELF = YES;
				CLANG_WARN_OBJC_LITERAL_CONVERSION = YES;
				CLANG_WARN_OBJC_ROOT_CLASS = YES_ERROR;
				CLANG_WARN_RANGE_LOOP_ANALYSIS = YES;
				CLANG_WARN_STRICT_PROTOTYPES = YES;
				CLANG_WARN_SUSPICIOUS_MOVE = YES;
				CLANG_WARN_UNGUARDED_AVAILABILITY = YES_AGGRESSIVE;
				CLANG_WARN_UNREACHABLE_CODE = YES;
				CLANG_WARN__DUPLICATE_METHOD_MATCH = YES;
				COPY_PHASE_STRIP = NO;
				DEBUG_INFORMATION_FORMAT = dwarf;
				ENABLE_STRICT_OBJC_MSGSEND = YES;
				ENABLE_TESTABILITY = YES;
				GCC_C_LANGUAGE_STANDARD = gnu11;
				GCC_DYNAMIC_NO_PIC = NO;
				GCC_NO_COMMON_BLOCKS = YES;
				GCC_OPTIMIZATION_LEVEL = 0;
				GCC_PREPROCESSOR_DEFINITIONS = (
					"DEBUG=1",
					"$(inherited)",
				);
				GCC_WARN_64_TO_32_BIT_CONVERSION = YES;
				GCC_WARN_ABOUT_RETURN_TYPE = YES_ERROR;
				GCC_WARN_UNDECLARED_SELECTOR = YES;
				GCC_WARN_UNINITIALIZED_AUTOS = YES_AGGRESSIVE;
				GCC_WARN_UNUSED_FUNCTION = YES;
				GCC_WARN_UNUSED_VARIABLE = YES;
				IPHONEOS_DEPLOYMENT_TARGET = 13.6;
				MTL_ENABLE_DEBUG_INFO = INCLUDE_SOURCE;
				MTL_FAST_MATH = YES;
				ONLY_ACTIVE_ARCH = YES;
				SDKROOT = iphoneos;
				SWIFT_ACTIVE_COMPILATION_CONDITIONS = DEBUG;
				SWIFT_OPTIMIZATION_LEVEL = "-Onone";
			};
			name = Debug;
		};
		EA9049C524E136A9009437B8 /* Release */ = {
			isa = XCBuildConfiguration;
			buildSettings = {
				ALWAYS_SEARCH_USER_PATHS = NO;
				CLANG_ANALYZER_NONNULL = YES;
				CLANG_ANALYZER_NUMBER_OBJECT_CONVERSION = YES_AGGRESSIVE;
				CLANG_CXX_LANGUAGE_STANDARD = "gnu++14";
				CLANG_CXX_LIBRARY = "libc++";
				CLANG_ENABLE_MODULES = YES;
				CLANG_ENABLE_OBJC_ARC = YES;
				CLANG_ENABLE_OBJC_WEAK = YES;
				CLANG_WARN_BLOCK_CAPTURE_AUTORELEASING = YES;
				CLANG_WARN_BOOL_CONVERSION = YES;
				CLANG_WARN_COMMA = YES;
				CLANG_WARN_CONSTANT_CONVERSION = YES;
				CLANG_WARN_DEPRECATED_OBJC_IMPLEMENTATIONS = YES;
				CLANG_WARN_DIRECT_OBJC_ISA_USAGE = YES_ERROR;
				CLANG_WARN_DOCUMENTATION_COMMENTS = YES;
				CLANG_WARN_EMPTY_BODY = YES;
				CLANG_WARN_ENUM_CONVERSION = YES;
				CLANG_WARN_INFINITE_RECURSION = YES;
				CLANG_WARN_INT_CONVERSION = YES;
				CLANG_WARN_NON_LITERAL_NULL_CONVERSION = YES;
				CLANG_WARN_OBJC_IMPLICIT_RETAIN_SELF = YES;
				CLANG_WARN_OBJC_LITERAL_CONVERSION = YES;
				CLANG_WARN_OBJC_ROOT_CLASS = YES_ERROR;
				CLANG_WARN_RANGE_LOOP_ANALYSIS = YES;
				CLANG_WARN_STRICT_PROTOTYPES = YES;
				CLANG_WARN_SUSPICIOUS_MOVE = YES;
				CLANG_WARN_UNGUARDED_AVAILABILITY = YES_AGGRESSIVE;
				CLANG_WARN_UNREACHABLE_CODE = YES;
				CLANG_WARN__DUPLICATE_METHOD_MATCH = YES;
				COPY_PHASE_STRIP = NO;
				DEBUG_INFORMATION_FORMAT = "dwarf-with-dsym";
				ENABLE_NS_ASSERTIONS = NO;
				ENABLE_STRICT_OBJC_MSGSEND = YES;
				GCC_C_LANGUAGE_STANDARD = gnu11;
				GCC_NO_COMMON_BLOCKS = YES;
				GCC_WARN_64_TO_32_BIT_CONVERSION = YES;
				GCC_WARN_ABOUT_RETURN_TYPE = YES_ERROR;
				GCC_WARN_UNDECLARED_SELECTOR = YES;
				GCC_WARN_UNINITIALIZED_AUTOS = YES_AGGRESSIVE;
				GCC_WARN_UNUSED_FUNCTION = YES;
				GCC_WARN_UNUSED_VARIABLE = YES;
				IPHONEOS_DEPLOYMENT_TARGET = 13.6;
				MTL_ENABLE_DEBUG_INFO = NO;
				MTL_FAST_MATH = YES;
				SDKROOT = iphoneos;
				SWIFT_COMPILATION_MODE = wholemodule;
				SWIFT_OPTIMIZATION_LEVEL = "-O";
				VALIDATE_PRODUCT = YES;
			};
			name = Release;
		};
		EA9049C724E136A9009437B8 /* Debug */ = {
			isa = XCBuildConfiguration;
			buildSettings = {
				ASSETCATALOG_COMPILER_APPICON_NAME = AppIcon;
				CODE_SIGN_STYLE = Automatic;
				DEVELOPMENT_TEAM = 632LZ235K6;
				INFOPLIST_FILE = RowingPostureApp/Info.plist;
				IPHONEOS_DEPLOYMENT_TARGET = 13.2;
				LD_RUNPATH_SEARCH_PATHS = (
					"$(inherited)",
					"@executable_path/Frameworks",
				);
				PRODUCT_BUNDLE_IDENTIFIER = com.RowingPostureApp;
				PRODUCT_NAME = "$(TARGET_NAME)";
				SWIFT_VERSION = 5.0;
				TARGETED_DEVICE_FAMILY = "1,2";
			};
			name = Debug;
		};
		EA9049C824E136A9009437B8 /* Release */ = {
			isa = XCBuildConfiguration;
			buildSettings = {
				ASSETCATALOG_COMPILER_APPICON_NAME = AppIcon;
				CODE_SIGN_STYLE = Automatic;
				DEVELOPMENT_TEAM = 632LZ235K6;
				INFOPLIST_FILE = RowingPostureApp/Info.plist;
				IPHONEOS_DEPLOYMENT_TARGET = 13.2;
				LD_RUNPATH_SEARCH_PATHS = (
					"$(inherited)",
					"@executable_path/Frameworks",
				);
				PRODUCT_BUNDLE_IDENTIFIER = com.RowingPostureApp;
				PRODUCT_NAME = "$(TARGET_NAME)";
				SWIFT_VERSION = 5.0;
				TARGETED_DEVICE_FAMILY = "1,2";
			};
			name = Release;
		};
/* End XCBuildConfiguration section */

/* Begin XCConfigurationList section */
		24F71CC624FE3570007D3733 /* Build configuration list for PBXNativeTarget "RowingPostureAppTests" */ = {
			isa = XCConfigurationList;
			buildConfigurations = (
				24F71CC724FE3570007D3733 /* Debug */,
				24F71CC824FE3570007D3733 /* Release */,
			);
			defaultConfigurationIsVisible = 0;
			defaultConfigurationName = Release;
		};
		EA9049AD24E136A7009437B8 /* Build configuration list for PBXProject "RowingPostureApp" */ = {
			isa = XCConfigurationList;
			buildConfigurations = (
				EA9049C424E136A9009437B8 /* Debug */,
				EA9049C524E136A9009437B8 /* Release */,
			);
			defaultConfigurationIsVisible = 0;
			defaultConfigurationName = Release;
		};
		EA9049C624E136A9009437B8 /* Build configuration list for PBXNativeTarget "RowingPostureApp" */ = {
			isa = XCConfigurationList;
			buildConfigurations = (
				EA9049C724E136A9009437B8 /* Debug */,
				EA9049C824E136A9009437B8 /* Release */,
			);
			defaultConfigurationIsVisible = 0;
			defaultConfigurationName = Release;
		};
/* End XCConfigurationList section */

/* Begin XCRemoteSwiftPackageReference section */
		249BD4DE27F31F5B00D51846 /* XCRemoteSwiftPackageReference "TinyConstraints" */ = {
			isa = XCRemoteSwiftPackageReference;
			repositoryURL = "https://github.com/roberthein/TinyConstraints.git";
			requirement = {
				kind = upToNextMajorVersion;
				minimumVersion = 4.0.0;
			};
		};
/* End XCRemoteSwiftPackageReference section */

/* Begin XCSwiftPackageProductDependency section */
		249BD4DF27F31F5B00D51846 /* TinyConstraints */ = {
			isa = XCSwiftPackageProductDependency;
			package = 249BD4DE27F31F5B00D51846 /* XCRemoteSwiftPackageReference "TinyConstraints" */;
			productName = TinyConstraints;
		};
/* End XCSwiftPackageProductDependency section */
	};
	rootObject = EA9049AA24E136A7009437B8 /* Project object */;
}
