// !$*UTF8*$!
{
	archiveVersion = 1;
	classes = {
	};
	objectVersion = 50;
	objects = {

/* Begin PBXBuildFile section */
		243B4BFA24F1318900D3601E /* RoundButton.swift in Sources */ = {isa = PBXBuildFile; fileRef = 243B4BF924F1318900D3601E /* RoundButton.swift */; };
		24B834DC24F123B600D8F3A2 /* MainOptionsCoordinator.swift in Sources */ = {isa = PBXBuildFile; fileRef = 24B834DB24F123B600D8F3A2 /* MainOptionsCoordinator.swift */; };
		24B834DF24F1245900D8F3A2 /* MainOptionsViewController.swift in Sources */ = {isa = PBXBuildFile; fileRef = 24B834DE24F1245900D8F3A2 /* MainOptionsViewController.swift */; };
		EA9049B624E136A7009437B8 /* AppDelegate.swift in Sources */ = {isa = PBXBuildFile; fileRef = EA9049B524E136A7009437B8 /* AppDelegate.swift */; };
		EA9049B824E136A7009437B8 /* SceneDelegate.swift in Sources */ = {isa = PBXBuildFile; fileRef = EA9049B724E136A7009437B8 /* SceneDelegate.swift */; };
		EA9049BA24E136A7009437B8 /* ViewController.swift in Sources */ = {isa = PBXBuildFile; fileRef = EA9049B924E136A7009437B8 /* ViewController.swift */; };
		EA9049BD24E136A7009437B8 /* Main.storyboard in Resources */ = {isa = PBXBuildFile; fileRef = EA9049BB24E136A7009437B8 /* Main.storyboard */; };
		EA9049BF24E136A9009437B8 /* Assets.xcassets in Resources */ = {isa = PBXBuildFile; fileRef = EA9049BE24E136A9009437B8 /* Assets.xcassets */; };
		EA9049C224E136A9009437B8 /* LaunchScreen.storyboard in Resources */ = {isa = PBXBuildFile; fileRef = EA9049C024E136A9009437B8 /* LaunchScreen.storyboard */; };
		EA9049CC24E136F3009437B8 /* Joints.swift in Sources */ = {isa = PBXBuildFile; fileRef = EA9049CB24E136F3009437B8 /* Joints.swift */; };
		EA9049D124E13977009437B8 /* PoseNetModel.swift in Sources */ = {isa = PBXBuildFile; fileRef = EA9049D024E13977009437B8 /* PoseNetModel.swift */; };
		EA9049D324E28A54009437B8 /* PoseNetInput.swift in Sources */ = {isa = PBXBuildFile; fileRef = EA9049D224E28A54009437B8 /* PoseNetInput.swift */; };
		EA9049D524E28A63009437B8 /* PoseNetOutput.swift in Sources */ = {isa = PBXBuildFile; fileRef = EA9049D424E28A63009437B8 /* PoseNetOutput.swift */; };
		EA9049D924E291D6009437B8 /* MLFeatureProviderExtensions.swift in Sources */ = {isa = PBXBuildFile; fileRef = EA9049D824E291D6009437B8 /* MLFeatureProviderExtensions.swift */; };
		EA9049DD24E2972D009437B8 /* PoseNetMobileNet075S16FP16.mlmodel in Sources */ = {isa = PBXBuildFile; fileRef = EA9049DC24E2972D009437B8 /* PoseNetMobileNet075S16FP16.mlmodel */; };
		EA9049DF24E29782009437B8 /* PoseNetOutputExtensions.swift in Sources */ = {isa = PBXBuildFile; fileRef = EA9049DE24E29782009437B8 /* PoseNetOutputExtensions.swift */; };
		EA9049E424EBC812009437B8 /* ModeledViewController.swift in Sources */ = {isa = PBXBuildFile; fileRef = EA9049E324EBC812009437B8 /* ModeledViewController.swift */; };
		EA9049E624EBC84F009437B8 /* ViewModel.swift in Sources */ = {isa = PBXBuildFile; fileRef = EA9049E524EBC84F009437B8 /* ViewModel.swift */; };
		EA9049E824EBC972009437B8 /* BaseCoordinator.swift in Sources */ = {isa = PBXBuildFile; fileRef = EA9049E724EBC972009437B8 /* BaseCoordinator.swift */; };
		EA9049EB24EBCB97009437B8 /* BaseCoordinatorExtensions.swift in Sources */ = {isa = PBXBuildFile; fileRef = EA9049EA24EBCB97009437B8 /* BaseCoordinatorExtensions.swift */; };
		EA9049ED24EBD08D009437B8 /* CustomNavController.swift in Sources */ = {isa = PBXBuildFile; fileRef = EA9049EC24EBD08D009437B8 /* CustomNavController.swift */; };
		EA9049EF24EBDAF2009437B8 /* AppCoordinator.swift in Sources */ = {isa = PBXBuildFile; fileRef = EA9049EE24EBDAF2009437B8 /* AppCoordinator.swift */; };
		EA9049F124EFB32D009437B8 /* StoryboardLoadedViewController.swift in Sources */ = {isa = PBXBuildFile; fileRef = EA9049F024EFB32D009437B8 /* StoryboardLoadedViewController.swift */; };
		EA9049F624EFC047009437B8 /* CGImageExtensions.swift in Sources */ = {isa = PBXBuildFile; fileRef = EA9049F524EFC047009437B8 /* CGImageExtensions.swift */; };
		EA9049F824EFC065009437B8 /* MLMultiArrayExtensions.swift in Sources */ = {isa = PBXBuildFile; fileRef = EA9049F724EFC065009437B8 /* MLMultiArrayExtensions.swift */; };
		EA9049FA24EFC0BE009437B8 /* CGPointExtensions.swift in Sources */ = {isa = PBXBuildFile; fileRef = EA9049F924EFC0BE009437B8 /* CGPointExtensions.swift */; };
		EA9049FC24EFCA51009437B8 /* Pose.swift in Sources */ = {isa = PBXBuildFile; fileRef = EA9049FB24EFCA51009437B8 /* Pose.swift */; };
/* End PBXBuildFile section */

/* Begin PBXFileReference section */
		243B4BF924F1318900D3601E /* RoundButton.swift */ = {isa = PBXFileReference; lastKnownFileType = sourcecode.swift; path = RoundButton.swift; sourceTree = "<group>"; };
		24B834DB24F123B600D8F3A2 /* MainOptionsCoordinator.swift */ = {isa = PBXFileReference; lastKnownFileType = sourcecode.swift; path = MainOptionsCoordinator.swift; sourceTree = "<group>"; };
		24B834DE24F1245900D8F3A2 /* MainOptionsViewController.swift */ = {isa = PBXFileReference; lastKnownFileType = sourcecode.swift; path = MainOptionsViewController.swift; sourceTree = "<group>"; };
		EA9049B224E136A7009437B8 /* RowingPostureApp.app */ = {isa = PBXFileReference; explicitFileType = wrapper.application; includeInIndex = 0; path = RowingPostureApp.app; sourceTree = BUILT_PRODUCTS_DIR; };
		EA9049B524E136A7009437B8 /* AppDelegate.swift */ = {isa = PBXFileReference; lastKnownFileType = sourcecode.swift; path = AppDelegate.swift; sourceTree = "<group>"; };
		EA9049B724E136A7009437B8 /* SceneDelegate.swift */ = {isa = PBXFileReference; lastKnownFileType = sourcecode.swift; path = SceneDelegate.swift; sourceTree = "<group>"; };
		EA9049B924E136A7009437B8 /* ViewController.swift */ = {isa = PBXFileReference; lastKnownFileType = sourcecode.swift; path = ViewController.swift; sourceTree = "<group>"; };
		EA9049BC24E136A7009437B8 /* Base */ = {isa = PBXFileReference; lastKnownFileType = file.storyboard; name = Base; path = Base.lproj/Main.storyboard; sourceTree = "<group>"; };
		EA9049BE24E136A9009437B8 /* Assets.xcassets */ = {isa = PBXFileReference; lastKnownFileType = folder.assetcatalog; path = Assets.xcassets; sourceTree = "<group>"; };
		EA9049C124E136A9009437B8 /* Base */ = {isa = PBXFileReference; lastKnownFileType = file.storyboard; name = Base; path = Base.lproj/LaunchScreen.storyboard; sourceTree = "<group>"; };
		EA9049C324E136A9009437B8 /* Info.plist */ = {isa = PBXFileReference; lastKnownFileType = text.plist.xml; path = Info.plist; sourceTree = "<group>"; };
		EA9049CB24E136F3009437B8 /* Joints.swift */ = {isa = PBXFileReference; lastKnownFileType = sourcecode.swift; path = Joints.swift; sourceTree = "<group>"; };
		EA9049D024E13977009437B8 /* PoseNetModel.swift */ = {isa = PBXFileReference; lastKnownFileType = sourcecode.swift; path = PoseNetModel.swift; sourceTree = "<group>"; };
		EA9049D224E28A54009437B8 /* PoseNetInput.swift */ = {isa = PBXFileReference; lastKnownFileType = sourcecode.swift; path = PoseNetInput.swift; sourceTree = "<group>"; };
		EA9049D424E28A63009437B8 /* PoseNetOutput.swift */ = {isa = PBXFileReference; lastKnownFileType = sourcecode.swift; path = PoseNetOutput.swift; sourceTree = "<group>"; };
		EA9049D624E28BEA009437B8 /* README.md */ = {isa = PBXFileReference; lastKnownFileType = net.daringfireball.markdown; path = README.md; sourceTree = "<group>"; };
		EA9049D824E291D6009437B8 /* MLFeatureProviderExtensions.swift */ = {isa = PBXFileReference; lastKnownFileType = sourcecode.swift; path = MLFeatureProviderExtensions.swift; sourceTree = "<group>"; };
		EA9049DC24E2972D009437B8 /* PoseNetMobileNet075S16FP16.mlmodel */ = {isa = PBXFileReference; lastKnownFileType = file.mlmodel; path = PoseNetMobileNet075S16FP16.mlmodel; sourceTree = "<group>"; };
		EA9049DE24E29782009437B8 /* PoseNetOutputExtensions.swift */ = {isa = PBXFileReference; lastKnownFileType = sourcecode.swift; path = PoseNetOutputExtensions.swift; sourceTree = "<group>"; };
		EA9049E324EBC812009437B8 /* ModeledViewController.swift */ = {isa = PBXFileReference; lastKnownFileType = sourcecode.swift; path = ModeledViewController.swift; sourceTree = "<group>"; };
		EA9049E524EBC84F009437B8 /* ViewModel.swift */ = {isa = PBXFileReference; lastKnownFileType = sourcecode.swift; path = ViewModel.swift; sourceTree = "<group>"; };
		EA9049E724EBC972009437B8 /* BaseCoordinator.swift */ = {isa = PBXFileReference; lastKnownFileType = sourcecode.swift; path = BaseCoordinator.swift; sourceTree = "<group>"; };
		EA9049EA24EBCB97009437B8 /* BaseCoordinatorExtensions.swift */ = {isa = PBXFileReference; lastKnownFileType = sourcecode.swift; path = BaseCoordinatorExtensions.swift; sourceTree = "<group>"; };
		EA9049EC24EBD08D009437B8 /* CustomNavController.swift */ = {isa = PBXFileReference; lastKnownFileType = sourcecode.swift; path = CustomNavController.swift; sourceTree = "<group>"; };
		EA9049EE24EBDAF2009437B8 /* AppCoordinator.swift */ = {isa = PBXFileReference; lastKnownFileType = sourcecode.swift; path = AppCoordinator.swift; sourceTree = "<group>"; };
		EA9049F024EFB32D009437B8 /* StoryboardLoadedViewController.swift */ = {isa = PBXFileReference; lastKnownFileType = sourcecode.swift; path = StoryboardLoadedViewController.swift; sourceTree = "<group>"; };
		EA9049F524EFC047009437B8 /* CGImageExtensions.swift */ = {isa = PBXFileReference; lastKnownFileType = sourcecode.swift; path = CGImageExtensions.swift; sourceTree = "<group>"; };
		EA9049F724EFC065009437B8 /* MLMultiArrayExtensions.swift */ = {isa = PBXFileReference; lastKnownFileType = sourcecode.swift; path = MLMultiArrayExtensions.swift; sourceTree = "<group>"; };
		EA9049F924EFC0BE009437B8 /* CGPointExtensions.swift */ = {isa = PBXFileReference; lastKnownFileType = sourcecode.swift; path = CGPointExtensions.swift; sourceTree = "<group>"; };
		EA9049FB24EFCA51009437B8 /* Pose.swift */ = {isa = PBXFileReference; lastKnownFileType = sourcecode.swift; path = Pose.swift; sourceTree = "<group>"; };
/* End PBXFileReference section */

/* Begin PBXFrameworksBuildPhase section */
		EA9049AF24E136A7009437B8 /* Frameworks */ = {
			isa = PBXFrameworksBuildPhase;
			buildActionMask = 2147483647;
			files = (
			);
			runOnlyForDeploymentPostprocessing = 0;
		};
/* End PBXFrameworksBuildPhase section */

/* Begin PBXGroup section */
		243B4BF824F1316C00D3601E /* UI Components */ = {
			isa = PBXGroup;
			children = (
				243B4BF924F1318900D3601E /* RoundButton.swift */,
			);
			path = "UI Components";
			sourceTree = "<group>";
		};
		24B834DA24F1239100D8F3A2 /* Main Options Coordinator */ = {
			isa = PBXGroup;
			children = (
				24B834DB24F123B600D8F3A2 /* MainOptionsCoordinator.swift */,
			);
			path = "Main Options Coordinator";
			sourceTree = "<group>";
		};
		24B834DD24F1244A00D8F3A2 /* Main Options */ = {
			isa = PBXGroup;
			children = (
				24B834DE24F1245900D8F3A2 /* MainOptionsViewController.swift */,
			);
			path = "Main Options";
			sourceTree = "<group>";
		};
		EA9049A924E136A7009437B8 = {
			isa = PBXGroup;
			children = (
				EA9049D624E28BEA009437B8 /* README.md */,
				EA9049B424E136A7009437B8 /* RowingPostureApp */,
				EA9049B324E136A7009437B8 /* Products */,
			);
			sourceTree = "<group>";
		};
		EA9049B324E136A7009437B8 /* Products */ = {
			isa = PBXGroup;
			children = (
				EA9049B224E136A7009437B8 /* RowingPostureApp.app */,
			);
			name = Products;
			sourceTree = "<group>";
		};
		EA9049B424E136A7009437B8 /* RowingPostureApp */ = {
			isa = PBXGroup;
			children = (
				EA9049F224EFBBF6009437B8 /* CGExtensions */,
				EA9049E024EBC74B009437B8 /* UI */,
				EA9049CD24E13815009437B8 /* CoreMLModel */,
				EA9049CA24E136DF009437B8 /* Body Position */,
				EA9049B524E136A7009437B8 /* AppDelegate.swift */,
				EA9049B724E136A7009437B8 /* SceneDelegate.swift */,
				EA9049BB24E136A7009437B8 /* Main.storyboard */,
				EA9049BE24E136A9009437B8 /* Assets.xcassets */,
				EA9049C024E136A9009437B8 /* LaunchScreen.storyboard */,
				EA9049C324E136A9009437B8 /* Info.plist */,
			);
			path = RowingPostureApp;
			sourceTree = "<group>";
		};
		EA9049C924E136C0009437B8 /* View Controllers */ = {
			isa = PBXGroup;
			children = (
				24B834DD24F1244A00D8F3A2 /* Main Options */,
				EA9049B924E136A7009437B8 /* ViewController.swift */,
			);
			path = "View Controllers";
			sourceTree = "<group>";
		};
		EA9049CA24E136DF009437B8 /* Body Position */ = {
			isa = PBXGroup;
			children = (
				EA9049CB24E136F3009437B8 /* Joints.swift */,
				EA9049FB24EFCA51009437B8 /* Pose.swift */,
			);
			path = "Body Position";
			sourceTree = "<group>";
		};
		EA9049CD24E13815009437B8 /* CoreMLModel */ = {
			isa = PBXGroup;
			children = (
				EA9049D724E291B5009437B8 /* CoreMLExtensions */,
				EA9049D024E13977009437B8 /* PoseNetModel.swift */,
				EA9049DC24E2972D009437B8 /* PoseNetMobileNet075S16FP16.mlmodel */,
				EA9049D224E28A54009437B8 /* PoseNetInput.swift */,
				EA9049D424E28A63009437B8 /* PoseNetOutput.swift */,
			);
			path = CoreMLModel;
			sourceTree = "<group>";
		};
		EA9049D724E291B5009437B8 /* CoreMLExtensions */ = {
			isa = PBXGroup;
			children = (
				EA9049D824E291D6009437B8 /* MLFeatureProviderExtensions.swift */,
				EA9049DE24E29782009437B8 /* PoseNetOutputExtensions.swift */,
				EA9049F724EFC065009437B8 /* MLMultiArrayExtensions.swift */,
			);
			path = CoreMLExtensions;
			sourceTree = "<group>";
		};
		EA9049E024EBC74B009437B8 /* UI */ = {
			isa = PBXGroup;
			children = (
				EA9049E224EBC7BA009437B8 /* Components */,
				EA9049E124EBC754009437B8 /* Coordinators */,
				EA9049C924E136C0009437B8 /* View Controllers */,
			);
			path = UI;
			sourceTree = "<group>";
		};
		EA9049E124EBC754009437B8 /* Coordinators */ = {
			isa = PBXGroup;
			children = (
				24B834DA24F1239100D8F3A2 /* Main Options Coordinator */,
				EA9049E924EBCB80009437B8 /* Extensions */,
				EA9049E724EBC972009437B8 /* BaseCoordinator.swift */,
				EA9049EE24EBDAF2009437B8 /* AppCoordinator.swift */,
			);
			path = Coordinators;
			sourceTree = "<group>";
		};
		EA9049E224EBC7BA009437B8 /* Components */ = {
			isa = PBXGroup;
			children = (
				243B4BF824F1316C00D3601E /* UI Components */,
				EA9049E324EBC812009437B8 /* ModeledViewController.swift */,
				EA9049E524EBC84F009437B8 /* ViewModel.swift */,
				EA9049EC24EBD08D009437B8 /* CustomNavController.swift */,
				EA9049F024EFB32D009437B8 /* StoryboardLoadedViewController.swift */,
			);
			path = Components;
			sourceTree = "<group>";
		};
		EA9049E924EBCB80009437B8 /* Extensions */ = {
			isa = PBXGroup;
			children = (
				EA9049EA24EBCB97009437B8 /* BaseCoordinatorExtensions.swift */,
			);
			path = Extensions;
			sourceTree = "<group>";
		};
		EA9049F224EFBBF6009437B8 /* CGExtensions */ = {
			isa = PBXGroup;
			children = (
				EA9049F524EFC047009437B8 /* CGImageExtensions.swift */,
				EA9049F924EFC0BE009437B8 /* CGPointExtensions.swift */,
			);
			path = CGExtensions;
			sourceTree = "<group>";
		};
/* End PBXGroup section */

/* Begin PBXNativeTarget section */
		EA9049B124E136A7009437B8 /* RowingPostureApp */ = {
			isa = PBXNativeTarget;
			buildConfigurationList = EA9049C624E136A9009437B8 /* Build configuration list for PBXNativeTarget "RowingPostureApp" */;
			buildPhases = (
				EA9049AE24E136A7009437B8 /* Sources */,
				EA9049AF24E136A7009437B8 /* Frameworks */,
				EA9049B024E136A7009437B8 /* Resources */,
			);
			buildRules = (
			);
			dependencies = (
			);
			name = RowingPostureApp;
			productName = RowingPostureApp;
			productReference = EA9049B224E136A7009437B8 /* RowingPostureApp.app */;
			productType = "com.apple.product-type.application";
		};
/* End PBXNativeTarget section */

/* Begin PBXProject section */
		EA9049AA24E136A7009437B8 /* Project object */ = {
			isa = PBXProject;
			attributes = {
				LastSwiftUpdateCheck = 1160;
				LastUpgradeCheck = 1160;
				ORGANIZATIONNAME = xDesign;
				TargetAttributes = {
					EA9049B124E136A7009437B8 = {
						CreatedOnToolsVersion = 11.6;
					};
				};
			};
			buildConfigurationList = EA9049AD24E136A7009437B8 /* Build configuration list for PBXProject "RowingPostureApp" */;
			compatibilityVersion = "Xcode 9.3";
			developmentRegion = en;
			hasScannedForEncodings = 0;
			knownRegions = (
				en,
				Base,
			);
			mainGroup = EA9049A924E136A7009437B8;
			productRefGroup = EA9049B324E136A7009437B8 /* Products */;
			projectDirPath = "";
			projectRoot = "";
			targets = (
				EA9049B124E136A7009437B8 /* RowingPostureApp */,
			);
		};
/* End PBXProject section */

/* Begin PBXResourcesBuildPhase section */
		EA9049B024E136A7009437B8 /* Resources */ = {
			isa = PBXResourcesBuildPhase;
			buildActionMask = 2147483647;
			files = (
				EA9049C224E136A9009437B8 /* LaunchScreen.storyboard in Resources */,
				EA9049BF24E136A9009437B8 /* Assets.xcassets in Resources */,
				EA9049BD24E136A7009437B8 /* Main.storyboard in Resources */,
			);
			runOnlyForDeploymentPostprocessing = 0;
		};
/* End PBXResourcesBuildPhase section */

/* Begin PBXSourcesBuildPhase section */
		EA9049AE24E136A7009437B8 /* Sources */ = {
			isa = PBXSourcesBuildPhase;
			buildActionMask = 2147483647;
			files = (
				243B4BFA24F1318900D3601E /* RoundButton.swift in Sources */,
				EA9049EB24EBCB97009437B8 /* BaseCoordinatorExtensions.swift in Sources */,
				EA9049D924E291D6009437B8 /* MLFeatureProviderExtensions.swift in Sources */,
				EA9049F124EFB32D009437B8 /* StoryboardLoadedViewController.swift in Sources */,
				EA9049F824EFC065009437B8 /* MLMultiArrayExtensions.swift in Sources */,
				EA9049F624EFC047009437B8 /* CGImageExtensions.swift in Sources */,
				EA9049EF24EBDAF2009437B8 /* AppCoordinator.swift in Sources */,
				24B834DC24F123B600D8F3A2 /* MainOptionsCoordinator.swift in Sources */,
				EA9049D124E13977009437B8 /* PoseNetModel.swift in Sources */,
				EA9049BA24E136A7009437B8 /* ViewController.swift in Sources */,
				EA9049E424EBC812009437B8 /* ModeledViewController.swift in Sources */,
				EA9049D324E28A54009437B8 /* PoseNetInput.swift in Sources */,
				EA9049FA24EFC0BE009437B8 /* CGPointExtensions.swift in Sources */,
				EA9049B624E136A7009437B8 /* AppDelegate.swift in Sources */,
				EA9049E624EBC84F009437B8 /* ViewModel.swift in Sources */,
				EA9049ED24EBD08D009437B8 /* CustomNavController.swift in Sources */,
				EA9049CC24E136F3009437B8 /* Joints.swift in Sources */,
				24B834DF24F1245900D8F3A2 /* MainOptionsViewController.swift in Sources */,
				EA9049FC24EFCA51009437B8 /* Pose.swift in Sources */,
				EA9049D524E28A63009437B8 /* PoseNetOutput.swift in Sources */,
				EA9049DD24E2972D009437B8 /* PoseNetMobileNet075S16FP16.mlmodel in Sources */,
				EA9049E824EBC972009437B8 /* BaseCoordinator.swift in Sources */,
				EA9049DF24E29782009437B8 /* PoseNetOutputExtensions.swift in Sources */,
				EA9049B824E136A7009437B8 /* SceneDelegate.swift in Sources */,
			);
			runOnlyForDeploymentPostprocessing = 0;
		};
/* End PBXSourcesBuildPhase section */

/* Begin PBXVariantGroup section */
		EA9049BB24E136A7009437B8 /* Main.storyboard */ = {
			isa = PBXVariantGroup;
			children = (
				EA9049BC24E136A7009437B8 /* Base */,
			);
			name = Main.storyboard;
			sourceTree = "<group>";
		};
		EA9049C024E136A9009437B8 /* LaunchScreen.storyboard */ = {
			isa = PBXVariantGroup;
			children = (
				EA9049C124E136A9009437B8 /* Base */,
			);
			name = LaunchScreen.storyboard;
			sourceTree = "<group>";
		};
/* End PBXVariantGroup section */

/* Begin XCBuildConfiguration section */
		EA9049C424E136A9009437B8 /* Debug */ = {
			isa = XCBuildConfiguration;
			buildSettings = {
				ALWAYS_SEARCH_USER_PATHS = NO;
				CLANG_ANALYZER_NONNULL = YES;
				CLANG_ANALYZER_NUMBER_OBJECT_CONVERSION = YES_AGGRESSIVE;
				CLANG_CXX_LANGUAGE_STANDARD = "gnu++14";
				CLANG_CXX_LIBRARY = "libc++";
				CLANG_ENABLE_MODULES = YES;
				CLANG_ENABLE_OBJC_ARC = YES;
				CLANG_ENABLE_OBJC_WEAK = YES;
				CLANG_WARN_BLOCK_CAPTURE_AUTORELEASING = YES;
				CLANG_WARN_BOOL_CONVERSION = YES;
				CLANG_WARN_COMMA = YES;
				CLANG_WARN_CONSTANT_CONVERSION = YES;
				CLANG_WARN_DEPRECATED_OBJC_IMPLEMENTATIONS = YES;
				CLANG_WARN_DIRECT_OBJC_ISA_USAGE = YES_ERROR;
				CLANG_WARN_DOCUMENTATION_COMMENTS = YES;
				CLANG_WARN_EMPTY_BODY = YES;
				CLANG_WARN_ENUM_CONVERSION = YES;
				CLANG_WARN_INFINITE_RECURSION = YES;
				CLANG_WARN_INT_CONVERSION = YES;
				CLANG_WARN_NON_LITERAL_NULL_CONVERSION = YES;
				CLANG_WARN_OBJC_IMPLICIT_RETAIN_SELF = YES;
				CLANG_WARN_OBJC_LITERAL_CONVERSION = YES;
				CLANG_WARN_OBJC_ROOT_CLASS = YES_ERROR;
				CLANG_WARN_RANGE_LOOP_ANALYSIS = YES;
				CLANG_WARN_STRICT_PROTOTYPES = YES;
				CLANG_WARN_SUSPICIOUS_MOVE = YES;
				CLANG_WARN_UNGUARDED_AVAILABILITY = YES_AGGRESSIVE;
				CLANG_WARN_UNREACHABLE_CODE = YES;
				CLANG_WARN__DUPLICATE_METHOD_MATCH = YES;
				COPY_PHASE_STRIP = NO;
				DEBUG_INFORMATION_FORMAT = dwarf;
				ENABLE_STRICT_OBJC_MSGSEND = YES;
				ENABLE_TESTABILITY = YES;
				GCC_C_LANGUAGE_STANDARD = gnu11;
				GCC_DYNAMIC_NO_PIC = NO;
				GCC_NO_COMMON_BLOCKS = YES;
				GCC_OPTIMIZATION_LEVEL = 0;
				GCC_PREPROCESSOR_DEFINITIONS = (
					"DEBUG=1",
					"$(inherited)",
				);
				GCC_WARN_64_TO_32_BIT_CONVERSION = YES;
				GCC_WARN_ABOUT_RETURN_TYPE = YES_ERROR;
				GCC_WARN_UNDECLARED_SELECTOR = YES;
				GCC_WARN_UNINITIALIZED_AUTOS = YES_AGGRESSIVE;
				GCC_WARN_UNUSED_FUNCTION = YES;
				GCC_WARN_UNUSED_VARIABLE = YES;
				IPHONEOS_DEPLOYMENT_TARGET = 13.6;
				MTL_ENABLE_DEBUG_INFO = INCLUDE_SOURCE;
				MTL_FAST_MATH = YES;
				ONLY_ACTIVE_ARCH = YES;
				SDKROOT = iphoneos;
				SWIFT_ACTIVE_COMPILATION_CONDITIONS = DEBUG;
				SWIFT_OPTIMIZATION_LEVEL = "-Onone";
			};
			name = Debug;
		};
		EA9049C524E136A9009437B8 /* Release */ = {
			isa = XCBuildConfiguration;
			buildSettings = {
				ALWAYS_SEARCH_USER_PATHS = NO;
				CLANG_ANALYZER_NONNULL = YES;
				CLANG_ANALYZER_NUMBER_OBJECT_CONVERSION = YES_AGGRESSIVE;
				CLANG_CXX_LANGUAGE_STANDARD = "gnu++14";
				CLANG_CXX_LIBRARY = "libc++";
				CLANG_ENABLE_MODULES = YES;
				CLANG_ENABLE_OBJC_ARC = YES;
				CLANG_ENABLE_OBJC_WEAK = YES;
				CLANG_WARN_BLOCK_CAPTURE_AUTORELEASING = YES;
				CLANG_WARN_BOOL_CONVERSION = YES;
				CLANG_WARN_COMMA = YES;
				CLANG_WARN_CONSTANT_CONVERSION = YES;
				CLANG_WARN_DEPRECATED_OBJC_IMPLEMENTATIONS = YES;
				CLANG_WARN_DIRECT_OBJC_ISA_USAGE = YES_ERROR;
				CLANG_WARN_DOCUMENTATION_COMMENTS = YES;
				CLANG_WARN_EMPTY_BODY = YES;
				CLANG_WARN_ENUM_CONVERSION = YES;
				CLANG_WARN_INFINITE_RECURSION = YES;
				CLANG_WARN_INT_CONVERSION = YES;
				CLANG_WARN_NON_LITERAL_NULL_CONVERSION = YES;
				CLANG_WARN_OBJC_IMPLICIT_RETAIN_SELF = YES;
				CLANG_WARN_OBJC_LITERAL_CONVERSION = YES;
				CLANG_WARN_OBJC_ROOT_CLASS = YES_ERROR;
				CLANG_WARN_RANGE_LOOP_ANALYSIS = YES;
				CLANG_WARN_STRICT_PROTOTYPES = YES;
				CLANG_WARN_SUSPICIOUS_MOVE = YES;
				CLANG_WARN_UNGUARDED_AVAILABILITY = YES_AGGRESSIVE;
				CLANG_WARN_UNREACHABLE_CODE = YES;
				CLANG_WARN__DUPLICATE_METHOD_MATCH = YES;
				COPY_PHASE_STRIP = NO;
				DEBUG_INFORMATION_FORMAT = "dwarf-with-dsym";
				ENABLE_NS_ASSERTIONS = NO;
				ENABLE_STRICT_OBJC_MSGSEND = YES;
				GCC_C_LANGUAGE_STANDARD = gnu11;
				GCC_NO_COMMON_BLOCKS = YES;
				GCC_WARN_64_TO_32_BIT_CONVERSION = YES;
				GCC_WARN_ABOUT_RETURN_TYPE = YES_ERROR;
				GCC_WARN_UNDECLARED_SELECTOR = YES;
				GCC_WARN_UNINITIALIZED_AUTOS = YES_AGGRESSIVE;
				GCC_WARN_UNUSED_FUNCTION = YES;
				GCC_WARN_UNUSED_VARIABLE = YES;
				IPHONEOS_DEPLOYMENT_TARGET = 13.6;
				MTL_ENABLE_DEBUG_INFO = NO;
				MTL_FAST_MATH = YES;
				SDKROOT = iphoneos;
				SWIFT_COMPILATION_MODE = wholemodule;
				SWIFT_OPTIMIZATION_LEVEL = "-O";
				VALIDATE_PRODUCT = YES;
			};
			name = Release;
		};
		EA9049C724E136A9009437B8 /* Debug */ = {
			isa = XCBuildConfiguration;
			buildSettings = {
				ASSETCATALOG_COMPILER_APPICON_NAME = AppIcon;
				CODE_SIGN_STYLE = Automatic;
				DEVELOPMENT_TEAM = ZSM2D4RUSA;
				INFOPLIST_FILE = RowingPostureApp/Info.plist;
				IPHONEOS_DEPLOYMENT_TARGET = 13.2;
				LD_RUNPATH_SEARCH_PATHS = (
					"$(inherited)",
					"@executable_path/Frameworks",
				);
				PRODUCT_BUNDLE_IDENTIFIER = com.xdesign.RowingPostureApp;
				PRODUCT_NAME = "$(TARGET_NAME)";
				SWIFT_VERSION = 5.0;
				TARGETED_DEVICE_FAMILY = "1,2";
			};
			name = Debug;
		};
		EA9049C824E136A9009437B8 /* Release */ = {
			isa = XCBuildConfiguration;
			buildSettings = {
				ASSETCATALOG_COMPILER_APPICON_NAME = AppIcon;
				CODE_SIGN_STYLE = Automatic;
				DEVELOPMENT_TEAM = ZSM2D4RUSA;
				INFOPLIST_FILE = RowingPostureApp/Info.plist;
				IPHONEOS_DEPLOYMENT_TARGET = 13.2;
				LD_RUNPATH_SEARCH_PATHS = (
					"$(inherited)",
					"@executable_path/Frameworks",
				);
				PRODUCT_BUNDLE_IDENTIFIER = com.xdesign.RowingPostureApp;
				PRODUCT_NAME = "$(TARGET_NAME)";
				SWIFT_VERSION = 5.0;
				TARGETED_DEVICE_FAMILY = "1,2";
			};
			name = Release;
		};
/* End XCBuildConfiguration section */

/* Begin XCConfigurationList section */
		EA9049AD24E136A7009437B8 /* Build configuration list for PBXProject "RowingPostureApp" */ = {
			isa = XCConfigurationList;
			buildConfigurations = (
				EA9049C424E136A9009437B8 /* Debug */,
				EA9049C524E136A9009437B8 /* Release */,
			);
			defaultConfigurationIsVisible = 0;
			defaultConfigurationName = Release;
		};
		EA9049C624E136A9009437B8 /* Build configuration list for PBXNativeTarget "RowingPostureApp" */ = {
			isa = XCConfigurationList;
			buildConfigurations = (
				EA9049C724E136A9009437B8 /* Debug */,
				EA9049C824E136A9009437B8 /* Release */,
			);
			defaultConfigurationIsVisible = 0;
			defaultConfigurationName = Release;
		};
/* End XCConfigurationList section */
	};
	rootObject = EA9049AA24E136A7009437B8 /* Project object */;
}
